// !$*UTF8*$!
{
	archiveVersion = 1;
	classes = {
	};
	objectVersion = 56;
	objects = {

/* Begin PBXBuildFile section */
		72D443F22986C36C004D01E6 /* LandMarks_SwiftUITutorialsApp.swift in Sources */ = {isa = PBXBuildFile; fileRef = 72D443F12986C36C004D01E6 /* LandMarks_SwiftUITutorialsApp.swift */; };
		72D443F42986C36C004D01E6 /* ContentView.swift in Sources */ = {isa = PBXBuildFile; fileRef = 72D443F32986C36C004D01E6 /* ContentView.swift */; };
		72D443F62986C36E004D01E6 /* Assets.xcassets in Resources */ = {isa = PBXBuildFile; fileRef = 72D443F52986C36E004D01E6 /* Assets.xcassets */; };
		72D443F92986C36E004D01E6 /* Preview Assets.xcassets in Resources */ = {isa = PBXBuildFile; fileRef = 72D443F82986C36E004D01E6 /* Preview Assets.xcassets */; };
		72D4440029874E68004D01E6 /* CircleImage.swift in Sources */ = {isa = PBXBuildFile; fileRef = 72D443FF29874E68004D01E6 /* CircleImage.swift */; };
		72D44402298782F8004D01E6 /* MapView.swift in Sources */ = {isa = PBXBuildFile; fileRef = 72D44401298782F7004D01E6 /* MapView.swift */; };
		72D44407298797D9004D01E6 /* landmarkData.json in Resources */ = {isa = PBXBuildFile; fileRef = 72D44406298797D9004D01E6 /* landmarkData.json */; };
		72D4440B29879820004D01E6 /* Landmark.swift in Sources */ = {isa = PBXBuildFile; fileRef = 72D4440A29879820004D01E6 /* Landmark.swift */; };
		72D444182987988D004D01E6 /* umbagog@2x.jpg in Resources */ = {isa = PBXBuildFile; fileRef = 72D4440D2987988D004D01E6 /* umbagog@2x.jpg */; };
		72D444192987988D004D01E6 /* twinlake@2x.jpg in Resources */ = {isa = PBXBuildFile; fileRef = 72D4440E2987988D004D01E6 /* twinlake@2x.jpg */; };
		72D4441A2987988D004D01E6 /* chincoteague@2x.jpg in Resources */ = {isa = PBXBuildFile; fileRef = 72D4440F2987988D004D01E6 /* chincoteague@2x.jpg */; };
		72D4441B2987988D004D01E6 /* lakemcdonald@2x.jpg in Resources */ = {isa = PBXBuildFile; fileRef = 72D444102987988D004D01E6 /* lakemcdonald@2x.jpg */; };
		72D4441C2987988D004D01E6 /* silversalmoncreek@2x.jpg in Resources */ = {isa = PBXBuildFile; fileRef = 72D444112987988D004D01E6 /* silversalmoncreek@2x.jpg */; };
		72D4441D2987988D004D01E6 /* icybay@2x.jpg in Resources */ = {isa = PBXBuildFile; fileRef = 72D444122987988D004D01E6 /* icybay@2x.jpg */; };
		72D4441E2987988D004D01E6 /* hiddenlake@2x.jpg in Resources */ = {isa = PBXBuildFile; fileRef = 72D444132987988D004D01E6 /* hiddenlake@2x.jpg */; };
		72D4441F2987988D004D01E6 /* chilkoottrail@2x.jpg in Resources */ = {isa = PBXBuildFile; fileRef = 72D444142987988D004D01E6 /* chilkoottrail@2x.jpg */; };
		72D444202987988D004D01E6 /* stmarylake@2x.jpg in Resources */ = {isa = PBXBuildFile; fileRef = 72D444152987988D004D01E6 /* stmarylake@2x.jpg */; };
		72D444212987988D004D01E6 /* charleyrivers@2x.jpg in Resources */ = {isa = PBXBuildFile; fileRef = 72D444162987988D004D01E6 /* charleyrivers@2x.jpg */; };
		72D444222987988D004D01E6 /* rainbowlake@2x.jpg in Resources */ = {isa = PBXBuildFile; fileRef = 72D444172987988D004D01E6 /* rainbowlake@2x.jpg */; };
		72D4442429879A00004D01E6 /* ModelData.swift in Sources */ = {isa = PBXBuildFile; fileRef = 72D4442329879A00004D01E6 /* ModelData.swift */; };
		72D4442629879CDF004D01E6 /* LandmarkRow.swift in Sources */ = {isa = PBXBuildFile; fileRef = 72D4442529879CDF004D01E6 /* LandmarkRow.swift */; };
		72D444282987B761004D01E6 /* LandmarkList.swift in Sources */ = {isa = PBXBuildFile; fileRef = 72D444272987B761004D01E6 /* LandmarkList.swift */; };
		72D4442A2987B821004D01E6 /* LandmarkDetail.swift in Sources */ = {isa = PBXBuildFile; fileRef = 72D444292987B821004D01E6 /* LandmarkDetail.swift */; };
/* End PBXBuildFile section */

/* Begin PBXFileReference section */
		72D443EE2986C36C004D01E6 /* LandMarks-SwiftUITutorials.app */ = {isa = PBXFileReference; explicitFileType = wrapper.application; includeInIndex = 0; path = "LandMarks-SwiftUITutorials.app"; sourceTree = BUILT_PRODUCTS_DIR; };
		72D443F12986C36C004D01E6 /* LandMarks_SwiftUITutorialsApp.swift */ = {isa = PBXFileReference; lastKnownFileType = sourcecode.swift; path = LandMarks_SwiftUITutorialsApp.swift; sourceTree = "<group>"; };
		72D443F32986C36C004D01E6 /* ContentView.swift */ = {isa = PBXFileReference; lastKnownFileType = sourcecode.swift; path = ContentView.swift; sourceTree = "<group>"; };
		72D443F52986C36E004D01E6 /* Assets.xcassets */ = {isa = PBXFileReference; lastKnownFileType = folder.assetcatalog; path = Assets.xcassets; sourceTree = "<group>"; };
		72D443F82986C36E004D01E6 /* Preview Assets.xcassets */ = {isa = PBXFileReference; lastKnownFileType = folder.assetcatalog; path = "Preview Assets.xcassets"; sourceTree = "<group>"; };
		72D443FF29874E68004D01E6 /* CircleImage.swift */ = {isa = PBXFileReference; lastKnownFileType = sourcecode.swift; path = CircleImage.swift; sourceTree = "<group>"; };
		72D44401298782F7004D01E6 /* MapView.swift */ = {isa = PBXFileReference; lastKnownFileType = sourcecode.swift; path = MapView.swift; sourceTree = "<group>"; };
		72D44406298797D9004D01E6 /* landmarkData.json */ = {isa = PBXFileReference; fileEncoding = 4; lastKnownFileType = text.json; path = landmarkData.json; sourceTree = "<group>"; };
		72D4440A29879820004D01E6 /* Landmark.swift */ = {isa = PBXFileReference; lastKnownFileType = sourcecode.swift; path = Landmark.swift; sourceTree = "<group>"; };
		72D4440D2987988D004D01E6 /* umbagog@2x.jpg */ = {isa = PBXFileReference; lastKnownFileType = image.jpeg; path = "umbagog@2x.jpg"; sourceTree = "<group>"; };
		72D4440E2987988D004D01E6 /* twinlake@2x.jpg */ = {isa = PBXFileReference; lastKnownFileType = image.jpeg; path = "twinlake@2x.jpg"; sourceTree = "<group>"; };
		72D4440F2987988D004D01E6 /* chincoteague@2x.jpg */ = {isa = PBXFileReference; lastKnownFileType = image.jpeg; path = "chincoteague@2x.jpg"; sourceTree = "<group>"; };
		72D444102987988D004D01E6 /* lakemcdonald@2x.jpg */ = {isa = PBXFileReference; lastKnownFileType = image.jpeg; path = "lakemcdonald@2x.jpg"; sourceTree = "<group>"; };
		72D444112987988D004D01E6 /* silversalmoncreek@2x.jpg */ = {isa = PBXFileReference; lastKnownFileType = image.jpeg; path = "silversalmoncreek@2x.jpg"; sourceTree = "<group>"; };
		72D444122987988D004D01E6 /* icybay@2x.jpg */ = {isa = PBXFileReference; lastKnownFileType = image.jpeg; path = "icybay@2x.jpg"; sourceTree = "<group>"; };
		72D444132987988D004D01E6 /* hiddenlake@2x.jpg */ = {isa = PBXFileReference; lastKnownFileType = image.jpeg; path = "hiddenlake@2x.jpg"; sourceTree = "<group>"; };
		72D444142987988D004D01E6 /* chilkoottrail@2x.jpg */ = {isa = PBXFileReference; lastKnownFileType = image.jpeg; path = "chilkoottrail@2x.jpg"; sourceTree = "<group>"; };
		72D444152987988D004D01E6 /* stmarylake@2x.jpg */ = {isa = PBXFileReference; lastKnownFileType = image.jpeg; path = "stmarylake@2x.jpg"; sourceTree = "<group>"; };
		72D444162987988D004D01E6 /* charleyrivers@2x.jpg */ = {isa = PBXFileReference; lastKnownFileType = image.jpeg; path = "charleyrivers@2x.jpg"; sourceTree = "<group>"; };
		72D444172987988D004D01E6 /* rainbowlake@2x.jpg */ = {isa = PBXFileReference; lastKnownFileType = image.jpeg; path = "rainbowlake@2x.jpg"; sourceTree = "<group>"; };
		72D4442329879A00004D01E6 /* ModelData.swift */ = {isa = PBXFileReference; lastKnownFileType = sourcecode.swift; path = ModelData.swift; sourceTree = "<group>"; };
		72D4442529879CDF004D01E6 /* LandmarkRow.swift */ = {isa = PBXFileReference; lastKnownFileType = sourcecode.swift; path = LandmarkRow.swift; sourceTree = "<group>"; };
		72D444272987B761004D01E6 /* LandmarkList.swift */ = {isa = PBXFileReference; lastKnownFileType = sourcecode.swift; path = LandmarkList.swift; sourceTree = "<group>"; };
		72D444292987B821004D01E6 /* LandmarkDetail.swift */ = {isa = PBXFileReference; lastKnownFileType = sourcecode.swift; path = LandmarkDetail.swift; sourceTree = "<group>"; };
/* End PBXFileReference section */

/* Begin PBXFrameworksBuildPhase section */
		72D443EB2986C36C004D01E6 /* Frameworks */ = {
			isa = PBXFrameworksBuildPhase;
			buildActionMask = 2147483647;
			files = (
			);
			runOnlyForDeploymentPostprocessing = 0;
		};
/* End PBXFrameworksBuildPhase section */

/* Begin PBXGroup section */
		72D443E52986C36C004D01E6 = {
			isa = PBXGroup;
			children = (
				72D443F02986C36C004D01E6 /* LandMarks-SwiftUITutorials */,
				72D443EF2986C36C004D01E6 /* Products */,
			);
			sourceTree = "<group>";
		};
		72D443EF2986C36C004D01E6 /* Products */ = {
			isa = PBXGroup;
			children = (
				72D443EE2986C36C004D01E6 /* LandMarks-SwiftUITutorials.app */,
			);
			name = Products;
			sourceTree = "<group>";
		};
		72D443F02986C36C004D01E6 /* LandMarks-SwiftUITutorials */ = {
			isa = PBXGroup;
			children = (
				72D443F12986C36C004D01E6 /* LandMarks_SwiftUITutorialsApp.swift */,
				72D44403298796C7004D01E6 /* Views */,
				72D44404298796D1004D01E6 /* Model */,
				72D44405298796E9004D01E6 /* Resources */,
				72D443F52986C36E004D01E6 /* Assets.xcassets */,
				72D443F72986C36E004D01E6 /* Preview Content */,
			);
			path = "LandMarks-SwiftUITutorials";
			sourceTree = "<group>";
		};
		72D443F72986C36E004D01E6 /* Preview Content */ = {
			isa = PBXGroup;
			children = (
				72D443F82986C36E004D01E6 /* Preview Assets.xcassets */,
			);
			path = "Preview Content";
			sourceTree = "<group>";
		};
		72D44403298796C7004D01E6 /* Views */ = {
			isa = PBXGroup;
			children = (
				72D443F32986C36C004D01E6 /* ContentView.swift */,
				72D443FF29874E68004D01E6 /* CircleImage.swift */,
				72D44401298782F7004D01E6 /* MapView.swift */,
				72D4442529879CDF004D01E6 /* LandmarkRow.swift */,
				72D444272987B761004D01E6 /* LandmarkList.swift */,
				72D444292987B821004D01E6 /* LandmarkDetail.swift */,
			);
			path = Views;
			sourceTree = "<group>";
		};
		72D44404298796D1004D01E6 /* Model */ = {
			isa = PBXGroup;
			children = (
				72D4440A29879820004D01E6 /* Landmark.swift */,
				72D4442329879A00004D01E6 /* ModelData.swift */,
			);
			path = Model;
			sourceTree = "<group>";
		};
		72D44405298796E9004D01E6 /* Resources */ = {
			isa = PBXGroup;
			children = (
				72D44406298797D9004D01E6 /* landmarkData.json */,
				72D4440C2987988D004D01E6 /* Images */,
			);
			path = Resources;
			sourceTree = "<group>";
		};
		72D4440C2987988D004D01E6 /* Images */ = {
			isa = PBXGroup;
			children = (
				72D4440D2987988D004D01E6 /* umbagog@2x.jpg */,
				72D4440E2987988D004D01E6 /* twinlake@2x.jpg */,
				72D4440F2987988D004D01E6 /* chincoteague@2x.jpg */,
				72D444102987988D004D01E6 /* lakemcdonald@2x.jpg */,
				72D444112987988D004D01E6 /* silversalmoncreek@2x.jpg */,
				72D444122987988D004D01E6 /* icybay@2x.jpg */,
				72D444132987988D004D01E6 /* hiddenlake@2x.jpg */,
				72D444142987988D004D01E6 /* chilkoottrail@2x.jpg */,
				72D444152987988D004D01E6 /* stmarylake@2x.jpg */,
				72D444162987988D004D01E6 /* charleyrivers@2x.jpg */,
				72D444172987988D004D01E6 /* rainbowlake@2x.jpg */,
			);
			path = Images;
			sourceTree = "<group>";
		};
/* End PBXGroup section */

/* Begin PBXNativeTarget section */
		72D443ED2986C36C004D01E6 /* LandMarks-SwiftUITutorials */ = {
			isa = PBXNativeTarget;
			buildConfigurationList = 72D443FC2986C36E004D01E6 /* Build configuration list for PBXNativeTarget "LandMarks-SwiftUITutorials" */;
			buildPhases = (
				72D443EA2986C36C004D01E6 /* Sources */,
				72D443EB2986C36C004D01E6 /* Frameworks */,
				72D443EC2986C36C004D01E6 /* Resources */,
			);
			buildRules = (
			);
			dependencies = (
			);
			name = "LandMarks-SwiftUITutorials";
			productName = "LandMarks-SwiftUITutorials";
			productReference = 72D443EE2986C36C004D01E6 /* LandMarks-SwiftUITutorials.app */;
			productType = "com.apple.product-type.application";
		};
/* End PBXNativeTarget section */

/* Begin PBXProject section */
		72D443E62986C36C004D01E6 /* Project object */ = {
			isa = PBXProject;
			attributes = {
				BuildIndependentTargetsInParallel = 1;
				LastSwiftUpdateCheck = 1400;
				LastUpgradeCheck = 1400;
				TargetAttributes = {
					72D443ED2986C36C004D01E6 = {
						CreatedOnToolsVersion = 14.0.1;
					};
				};
			};
			buildConfigurationList = 72D443E92986C36C004D01E6 /* Build configuration list for PBXProject "LandMarks-SwiftUITutorials" */;
			compatibilityVersion = "Xcode 14.0";
			developmentRegion = en;
			hasScannedForEncodings = 0;
			knownRegions = (
				en,
				Base,
			);
			mainGroup = 72D443E52986C36C004D01E6;
			productRefGroup = 72D443EF2986C36C004D01E6 /* Products */;
			projectDirPath = "";
			projectRoot = "";
			targets = (
				72D443ED2986C36C004D01E6 /* LandMarks-SwiftUITutorials */,
			);
		};
/* End PBXProject section */

/* Begin PBXResourcesBuildPhase section */
		72D443EC2986C36C004D01E6 /* Resources */ = {
			isa = PBXResourcesBuildPhase;
			buildActionMask = 2147483647;
			files = (
				72D444212987988D004D01E6 /* charleyrivers@2x.jpg in Resources */,
				72D443F92986C36E004D01E6 /* Preview Assets.xcassets in Resources */,
				72D4441E2987988D004D01E6 /* hiddenlake@2x.jpg in Resources */,
				72D444182987988D004D01E6 /* umbagog@2x.jpg in Resources */,
				72D444222987988D004D01E6 /* rainbowlake@2x.jpg in Resources */,
				72D4441D2987988D004D01E6 /* icybay@2x.jpg in Resources */,
				72D4441C2987988D004D01E6 /* silversalmoncreek@2x.jpg in Resources */,
				72D443F62986C36E004D01E6 /* Assets.xcassets in Resources */,
				72D444192987988D004D01E6 /* twinlake@2x.jpg in Resources */,
				72D444202987988D004D01E6 /* stmarylake@2x.jpg in Resources */,
				72D4441B2987988D004D01E6 /* lakemcdonald@2x.jpg in Resources */,
				72D4441F2987988D004D01E6 /* chilkoottrail@2x.jpg in Resources */,
				72D44407298797D9004D01E6 /* landmarkData.json in Resources */,
				72D4441A2987988D004D01E6 /* chincoteague@2x.jpg in Resources */,
			);
			runOnlyForDeploymentPostprocessing = 0;
		};
/* End PBXResourcesBuildPhase section */

/* Begin PBXSourcesBuildPhase section */
		72D443EA2986C36C004D01E6 /* Sources */ = {
			isa = PBXSourcesBuildPhase;
			buildActionMask = 2147483647;
			files = (
				72D443F42986C36C004D01E6 /* ContentView.swift in Sources */,
				72D44402298782F8004D01E6 /* MapView.swift in Sources */,
				72D443F22986C36C004D01E6 /* LandMarks_SwiftUITutorialsApp.swift in Sources */,
				72D444282987B761004D01E6 /* LandmarkList.swift in Sources */,
				72D4442A2987B821004D01E6 /* LandmarkDetail.swift in Sources */,
				72D4440029874E68004D01E6 /* CircleImage.swift in Sources */,
				72D4440B29879820004D01E6 /* Landmark.swift in Sources */,
				72D4442629879CDF004D01E6 /* LandmarkRow.swift in Sources */,
				72D4442429879A00004D01E6 /* ModelData.swift in Sources */,
			);
			runOnlyForDeploymentPostprocessing = 0;
		};
/* End PBXSourcesBuildPhase section */

/* Begin XCBuildConfiguration section */
		72D443FA2986C36E004D01E6 /* Debug */ = {
			isa = XCBuildConfiguration;
			buildSettings = {
				ALWAYS_SEARCH_USER_PATHS = NO;
				CLANG_ANALYZER_NONNULL = YES;
				CLANG_ANALYZER_NUMBER_OBJECT_CONVERSION = YES_AGGRESSIVE;
				CLANG_CXX_LANGUAGE_STANDARD = "gnu++20";
				CLANG_ENABLE_MODULES = YES;
				CLANG_ENABLE_OBJC_ARC = YES;
				CLANG_ENABLE_OBJC_WEAK = YES;
				CLANG_WARN_BLOCK_CAPTURE_AUTORELEASING = YES;
				CLANG_WARN_BOOL_CONVERSION = YES;
				CLANG_WARN_COMMA = YES;
				CLANG_WARN_CONSTANT_CONVERSION = YES;
				CLANG_WARN_DEPRECATED_OBJC_IMPLEMENTATIONS = YES;
				CLANG_WARN_DIRECT_OBJC_ISA_USAGE = YES_ERROR;
				CLANG_WARN_DOCUMENTATION_COMMENTS = YES;
				CLANG_WARN_EMPTY_BODY = YES;
				CLANG_WARN_ENUM_CONVERSION = YES;
				CLANG_WARN_INFINITE_RECURSION = YES;
				CLANG_WARN_INT_CONVERSION = YES;
				CLANG_WARN_NON_LITERAL_NULL_CONVERSION = YES;
				CLANG_WARN_OBJC_IMPLICIT_RETAIN_SELF = YES;
				CLANG_WARN_OBJC_LITERAL_CONVERSION = YES;
				CLANG_WARN_OBJC_ROOT_CLASS = YES_ERROR;
				CLANG_WARN_QUOTED_INCLUDE_IN_FRAMEWORK_HEADER = YES;
				CLANG_WARN_RANGE_LOOP_ANALYSIS = YES;
				CLANG_WARN_STRICT_PROTOTYPES = YES;
				CLANG_WARN_SUSPICIOUS_MOVE = YES;
				CLANG_WARN_UNGUARDED_AVAILABILITY = YES_AGGRESSIVE;
				CLANG_WARN_UNREACHABLE_CODE = YES;
				CLANG_WARN__DUPLICATE_METHOD_MATCH = YES;
				COPY_PHASE_STRIP = NO;
				DEBUG_INFORMATION_FORMAT = dwarf;
				ENABLE_STRICT_OBJC_MSGSEND = YES;
				ENABLE_TESTABILITY = YES;
				GCC_C_LANGUAGE_STANDARD = gnu11;
				GCC_DYNAMIC_NO_PIC = NO;
				GCC_NO_COMMON_BLOCKS = YES;
				GCC_OPTIMIZATION_LEVEL = 0;
				GCC_PREPROCESSOR_DEFINITIONS = (
					"DEBUG=1",
					"$(inherited)",
				);
				GCC_WARN_64_TO_32_BIT_CONVERSION = YES;
				GCC_WARN_ABOUT_RETURN_TYPE = YES_ERROR;
				GCC_WARN_UNDECLARED_SELECTOR = YES;
				GCC_WARN_UNINITIALIZED_AUTOS = YES_AGGRESSIVE;
				GCC_WARN_UNUSED_FUNCTION = YES;
				GCC_WARN_UNUSED_VARIABLE = YES;
				IPHONEOS_DEPLOYMENT_TARGET = 16.0;
				MTL_ENABLE_DEBUG_INFO = INCLUDE_SOURCE;
				MTL_FAST_MATH = YES;
				ONLY_ACTIVE_ARCH = YES;
				SDKROOT = iphoneos;
				SWIFT_ACTIVE_COMPILATION_CONDITIONS = DEBUG;
				SWIFT_OPTIMIZATION_LEVEL = "-Onone";
			};
			name = Debug;
		};
		72D443FB2986C36E004D01E6 /* Release */ = {
			isa = XCBuildConfiguration;
			buildSettings = {
				ALWAYS_SEARCH_USER_PATHS = NO;
				CLANG_ANALYZER_NONNULL = YES;
				CLANG_ANALYZER_NUMBER_OBJECT_CONVERSION = YES_AGGRESSIVE;
				CLANG_CXX_LANGUAGE_STANDARD = "gnu++20";
				CLANG_ENABLE_MODULES = YES;
				CLANG_ENABLE_OBJC_ARC = YES;
				CLANG_ENABLE_OBJC_WEAK = YES;
				CLANG_WARN_BLOCK_CAPTURE_AUTORELEASING = YES;
				CLANG_WARN_BOOL_CONVERSION = YES;
				CLANG_WARN_COMMA = YES;
				CLANG_WARN_CONSTANT_CONVERSION = YES;
				CLANG_WARN_DEPRECATED_OBJC_IMPLEMENTATIONS = YES;
				CLANG_WARN_DIRECT_OBJC_ISA_USAGE = YES_ERROR;
				CLANG_WARN_DOCUMENTATION_COMMENTS = YES;
				CLANG_WARN_EMPTY_BODY = YES;
				CLANG_WARN_ENUM_CONVERSION = YES;
				CLANG_WARN_INFINITE_RECURSION = YES;
				CLANG_WARN_INT_CONVERSION = YES;
				CLANG_WARN_NON_LITERAL_NULL_CONVERSION = YES;
				CLANG_WARN_OBJC_IMPLICIT_RETAIN_SELF = YES;
				CLANG_WARN_OBJC_LITERAL_CONVERSION = YES;
				CLANG_WARN_OBJC_ROOT_CLASS = YES_ERROR;
				CLANG_WARN_QUOTED_INCLUDE_IN_FRAMEWORK_HEADER = YES;
				CLANG_WARN_RANGE_LOOP_ANALYSIS = YES;
				CLANG_WARN_STRICT_PROTOTYPES = YES;
				CLANG_WARN_SUSPICIOUS_MOVE = YES;
				CLANG_WARN_UNGUARDED_AVAILABILITY = YES_AGGRESSIVE;
				CLANG_WARN_UNREACHABLE_CODE = YES;
				CLANG_WARN__DUPLICATE_METHOD_MATCH = YES;
				COPY_PHASE_STRIP = NO;
				DEBUG_INFORMATION_FORMAT = "dwarf-with-dsym";
				ENABLE_NS_ASSERTIONS = NO;
				ENABLE_STRICT_OBJC_MSGSEND = YES;
				GCC_C_LANGUAGE_STANDARD = gnu11;
				GCC_NO_COMMON_BLOCKS = YES;
				GCC_WARN_64_TO_32_BIT_CONVERSION = YES;
				GCC_WARN_ABOUT_RETURN_TYPE = YES_ERROR;
				GCC_WARN_UNDECLARED_SELECTOR = YES;
				GCC_WARN_UNINITIALIZED_AUTOS = YES_AGGRESSIVE;
				GCC_WARN_UNUSED_FUNCTION = YES;
				GCC_WARN_UNUSED_VARIABLE = YES;
				IPHONEOS_DEPLOYMENT_TARGET = 16.0;
				MTL_ENABLE_DEBUG_INFO = NO;
				MTL_FAST_MATH = YES;
				SDKROOT = iphoneos;
				SWIFT_COMPILATION_MODE = wholemodule;
				SWIFT_OPTIMIZATION_LEVEL = "-O";
				VALIDATE_PRODUCT = YES;
			};
			name = Release;
		};
		72D443FD2986C36E004D01E6 /* Debug */ = {
			isa = XCBuildConfiguration;
			buildSettings = {
				ASSETCATALOG_COMPILER_APPICON_NAME = AppIcon;
				ASSETCATALOG_COMPILER_GLOBAL_ACCENT_COLOR_NAME = AccentColor;
				CODE_SIGN_STYLE = Automatic;
				CURRENT_PROJECT_VERSION = 1;
				DEVELOPMENT_ASSET_PATHS = "\"LandMarks-SwiftUITutorials/Preview Content\"";
				DEVELOPMENT_TEAM = G8228CR939;
				ENABLE_PREVIEWS = YES;
				GENERATE_INFOPLIST_FILE = YES;
				INFOPLIST_KEY_UIApplicationSceneManifest_Generation = YES;
				INFOPLIST_KEY_UIApplicationSupportsIndirectInputEvents = YES;
				INFOPLIST_KEY_UILaunchScreen_Generation = YES;
				INFOPLIST_KEY_UISupportedInterfaceOrientations_iPad = "UIInterfaceOrientationPortrait UIInterfaceOrientationPortraitUpsideDown UIInterfaceOrientationLandscapeLeft UIInterfaceOrientationLandscapeRight";
				INFOPLIST_KEY_UISupportedInterfaceOrientations_iPhone = "UIInterfaceOrientationPortrait UIInterfaceOrientationLandscapeLeft UIInterfaceOrientationLandscapeRight";
				LD_RUNPATH_SEARCH_PATHS = (
					"$(inherited)",
					"@executable_path/Frameworks",
				);
				MARKETING_VERSION = 1.0;
				PRODUCT_BUNDLE_IDENTIFIER = "com.LandMarks-SwiftUITutorials";
				PRODUCT_NAME = "$(TARGET_NAME)";
				SWIFT_EMIT_LOC_STRINGS = YES;
				SWIFT_VERSION = 5.0;
				TARGETED_DEVICE_FAMILY = "1,2";
			};
			name = Debug;
		};
		72D443FE2986C36E004D01E6 /* Release */ = {
			isa = XCBuildConfiguration;
			buildSettings = {
				ASSETCATALOG_COMPILER_APPICON_NAME = AppIcon;
				ASSETCATALOG_COMPILER_GLOBAL_ACCENT_COLOR_NAME = AccentColor;
				CODE_SIGN_STYLE = Automatic;
				CURRENT_PROJECT_VERSION = 1;
				DEVELOPMENT_ASSET_PATHS = "\"LandMarks-SwiftUITutorials/Preview Content\"";
				DEVELOPMENT_TEAM = G8228CR939;
				ENABLE_PREVIEWS = YES;
				GENERATE_INFOPLIST_FILE = YES;
				INFOPLIST_KEY_UIApplicationSceneManifest_Generation = YES;
				INFOPLIST_KEY_UIApplicationSupportsIndirectInputEvents = YES;
				INFOPLIST_KEY_UILaunchScreen_Generation = YES;
				INFOPLIST_KEY_UISupportedInterfaceOrientations_iPad = "UIInterfaceOrientationPortrait UIInterfaceOrientationPortraitUpsideDown UIInterfaceOrientationLandscapeLeft UIInterfaceOrientationLandscapeRight";
				INFOPLIST_KEY_UISupportedInterfaceOrientations_iPhone = "UIInterfaceOrientationPortrait UIInterfaceOrientationLandscapeLeft UIInterfaceOrientationLandscapeRight";
				LD_RUNPATH_SEARCH_PATHS = (
					"$(inherited)",
					"@executable_path/Frameworks",
				);
				MARKETING_VERSION = 1.0;
				PRODUCT_BUNDLE_IDENTIFIER = "com.LandMarks-SwiftUITutorials";
				PRODUCT_NAME = "$(TARGET_NAME)";
				SWIFT_EMIT_LOC_STRINGS = YES;
				SWIFT_VERSION = 5.0;
				TARGETED_DEVICE_FAMILY = "1,2";
			};
			name = Release;
		};
/* End XCBuildConfiguration section */

/* Begin XCConfigurationList section */
		72D443E92986C36C004D01E6 /* Build configuration list for PBXProject "LandMarks-SwiftUITutorials" */ = {
			isa = XCConfigurationList;
			buildConfigurations = (
				72D443FA2986C36E004D01E6 /* Debug */,
				72D443FB2986C36E004D01E6 /* Release */,
			);
			defaultConfigurationIsVisible = 0;
			defaultConfigurationName = Release;
		};
		72D443FC2986C36E004D01E6 /* Build configuration list for PBXNativeTarget "LandMarks-SwiftUITutorials" */ = {
			isa = XCConfigurationList;
			buildConfigurations = (
				72D443FD2986C36E004D01E6 /* Debug */,
				72D443FE2986C36E004D01E6 /* Release */,
			);
			defaultConfigurationIsVisible = 0;
			defaultConfigurationName = Release;
		};
/* End XCConfigurationList section */
	};
	rootObject = 72D443E62986C36C004D01E6 /* Project object */;
}
